
Microsoft Visual Studio Solution File, Format Version 12.00
# Visual Studio Version 17
VisualStudioVersion = 17.0.31903.59
MinimumVisualStudioVersion = 10.0.40219.1
Project("{2150E333-8FDC-42A3-9474-1A3956D46DE8}") = "src", "src", "{827E0CD3-B72D-47B6-A68D-7590B98EB39B}"
EndProject
Project("{FAE04EC0-301F-11D3-BF4B-00C04F79EFBC}") = "Cfp.Domain", "src\Cfp.Domain\Cfp.Domain.csproj", "{33AA5C0C-6437-4C72-87E0-F5BE607D208E}"
EndProject
Project("{FAE04EC0-301F-11D3-BF4B-00C04F79EFBC}") = "Cfp.Application", "src\Cfp.Application\Cfp.Application.csproj", "{D037AB9D-C3B2-4A77-88EC-ABC774BC04FB}"
EndProject
Project("{FAE04EC0-301F-11D3-BF4B-00C04F79EFBC}") = "Cfp.Contracts", "src\Cfp.Contracts\Cfp.Contracts.csproj", "{E345B504-5FF5-44B5-8424-F2F7B730F675}"
EndProject
Project("{FAE04EC0-301F-11D3-BF4B-00C04F79EFBC}") = "Cfp.Infrastructure", "src\Cfp.Infrastructure\Cfp.Infrastructure.csproj", "{983223D4-F4C8-4279-9837-B274F1712942}"
EndProject
Project("{FAE04EC0-301F-11D3-BF4B-00C04F79EFBC}") = "Cfp.Functions", "src\Cfp.Functions\Cfp.Functions.csproj", "{B6F465D1-8C32-4336-BFB1-641A7ABAA748}"
EndProject
Project("{FAE04EC0-301F-11D3-BF4B-00C04F79EFBC}") = "Cfp.Web", "src\Cfp.Web\Cfp.Web.csproj", "{3D2669AC-586A-478B-A5E5-59F626FA6F7D}"
EndProject
Project("{2150E333-8FDC-42A3-9474-1A3956D46DE8}") = "tests", "tests", "{0AB3BF05-4346-4AA6-1389-037BE0695223}"
EndProject
Project("{FAE04EC0-301F-11D3-BF4B-00C04F79EFBC}") = "Cfp.Tests", "tests\Cfp.Tests\Cfp.Tests.csproj", "{064056E9-75C2-4936-9028-27ED54B4F1AF}"
EndProject
Global
	GlobalSection(SolutionConfigurationPlatforms) = preSolution
		Debug|Any CPU = Debug|Any CPU
		Debug|x64 = Debug|x64
		Debug|x86 = Debug|x86
		Release|Any CPU = Release|Any CPU
		Release|x64 = Release|x64
		Release|x86 = Release|x86
	EndGlobalSection
	GlobalSection(ProjectConfigurationPlatforms) = postSolution
		{33AA5C0C-6437-4C72-87E0-F5BE607D208E}.Debug|Any CPU.ActiveCfg = Debug|Any CPU
		{33AA5C0C-6437-4C72-87E0-F5BE607D208E}.Debug|Any CPU.Build.0 = Debug|Any CPU
		{33AA5C0C-6437-4C72-87E0-F5BE607D208E}.Debug|x64.ActiveCfg = Debug|Any CPU
		{33AA5C0C-6437-4C72-87E0-F5BE607D208E}.Debug|x64.Build.0 = Debug|Any CPU
		{33AA5C0C-6437-4C72-87E0-F5BE607D208E}.Debug|x86.ActiveCfg = Debug|Any CPU
		{33AA5C0C-6437-4C72-87E0-F5BE607D208E}.Debug|x86.Build.0 = Debug|Any CPU
		{33AA5C0C-6437-4C72-87E0-F5BE607D208E}.Release|Any CPU.ActiveCfg = Release|Any CPU
		{33AA5C0C-6437-4C72-87E0-F5BE607D208E}.Release|Any CPU.Build.0 = Release|Any CPU
		{33AA5C0C-6437-4C72-87E0-F5BE607D208E}.Release|x64.ActiveCfg = Release|Any CPU
		{33AA5C0C-6437-4C72-87E0-F5BE607D208E}.Release|x64.Build.0 = Release|Any CPU
		{33AA5C0C-6437-4C72-87E0-F5BE607D208E}.Release|x86.ActiveCfg = Release|Any CPU
		{33AA5C0C-6437-4C72-87E0-F5BE607D208E}.Release|x86.Build.0 = Release|Any CPU
		{D037AB9D-C3B2-4A77-88EC-ABC774BC04FB}.Debug|Any CPU.ActiveCfg = Debug|Any CPU
		{D037AB9D-C3B2-4A77-88EC-ABC774BC04FB}.Debug|Any CPU.Build.0 = Debug|Any CPU
		{D037AB9D-C3B2-4A77-88EC-ABC774BC04FB}.Debug|x64.ActiveCfg = Debug|Any CPU
		{D037AB9D-C3B2-4A77-88EC-ABC774BC04FB}.Debug|x64.Build.0 = Debug|Any CPU
		{D037AB9D-C3B2-4A77-88EC-ABC774BC04FB}.Debug|x86.ActiveCfg = Debug|Any CPU
		{D037AB9D-C3B2-4A77-88EC-ABC774BC04FB}.Debug|x86.Build.0 = Debug|Any CPU
		{D037AB9D-C3B2-4A77-88EC-ABC774BC04FB}.Release|Any CPU.ActiveCfg = Release|Any CPU
		{D037AB9D-C3B2-4A77-88EC-ABC774BC04FB}.Release|Any CPU.Build.0 = Release|Any CPU
		{D037AB9D-C3B2-4A77-88EC-ABC774BC04FB}.Release|x64.ActiveCfg = Release|Any CPU
		{D037AB9D-C3B2-4A77-88EC-ABC774BC04FB}.Release|x64.Build.0 = Release|Any CPU
		{D037AB9D-C3B2-4A77-88EC-ABC774BC04FB}.Release|x86.ActiveCfg = Release|Any CPU
		{D037AB9D-C3B2-4A77-88EC-ABC774BC04FB}.Release|x86.Build.0 = Release|Any CPU
		{E345B504-5FF5-44B5-8424-F2F7B730F675}.Debug|Any CPU.ActiveCfg = Debug|Any CPU
		{E345B504-5FF5-44B5-8424-F2F7B730F675}.Debug|Any CPU.Build.0 = Debug|Any CPU
		{E345B504-5FF5-44B5-8424-F2F7B730F675}.Debug|x64.ActiveCfg = Debug|Any CPU
		{E345B504-5FF5-44B5-8424-F2F7B730F675}.Debug|x64.Build.0 = Debug|Any CPU
		{E345B504-5FF5-44B5-8424-F2F7B730F675}.Debug|x86.ActiveCfg = Debug|Any CPU
		{E345B504-5FF5-44B5-8424-F2F7B730F675}.Debug|x86.Build.0 = Debug|Any CPU
		{E345B504-5FF5-44B5-8424-F2F7B730F675}.Release|Any CPU.ActiveCfg = Release|Any CPU
		{E345B504-5FF5-44B5-8424-F2F7B730F675}.Release|Any CPU.Build.0 = Release|Any CPU
		{E345B504-5FF5-44B5-8424-F2F7B730F675}.Release|x64.ActiveCfg = Release|Any CPU
		{E345B504-5FF5-44B5-8424-F2F7B730F675}.Release|x64.Build.0 = Release|Any CPU
		{E345B504-5FF5-44B5-8424-F2F7B730F675}.Release|x86.ActiveCfg = Release|Any CPU
		{E345B504-5FF5-44B5-8424-F2F7B730F675}.Release|x86.Build.0 = Release|Any CPU
		{983223D4-F4C8-4279-9837-B274F1712942}.Debug|Any CPU.ActiveCfg = Debug|Any CPU
		{983223D4-F4C8-4279-9837-B274F1712942}.Debug|Any CPU.Build.0 = Debug|Any CPU
		{983223D4-F4C8-4279-9837-B274F1712942}.Debug|x64.ActiveCfg = Debug|Any CPU
		{983223D4-F4C8-4279-9837-B274F1712942}.Debug|x64.Build.0 = Debug|Any CPU
		{983223D4-F4C8-4279-9837-B274F1712942}.Debug|x86.ActiveCfg = Debug|Any CPU
		{983223D4-F4C8-4279-9837-B274F1712942}.Debug|x86.Build.0 = Debug|Any CPU
		{983223D4-F4C8-4279-9837-B274F1712942}.Release|Any CPU.ActiveCfg = Release|Any CPU
		{983223D4-F4C8-4279-9837-B274F1712942}.Release|Any CPU.Build.0 = Release|Any CPU
		{983223D4-F4C8-4279-9837-B274F1712942}.Release|x64.ActiveCfg = Release|Any CPU
		{983223D4-F4C8-4279-9837-B274F1712942}.Release|x64.Build.0 = Release|Any CPU
		{983223D4-F4C8-4279-9837-B274F1712942}.Release|x86.ActiveCfg = Release|Any CPU
		{983223D4-F4C8-4279-9837-B274F1712942}.Release|x86.Build.0 = Release|Any CPU
		{B6F465D1-8C32-4336-BFB1-641A7ABAA748}.Debug|Any CPU.ActiveCfg = Debug|Any CPU
		{B6F465D1-8C32-4336-BFB1-641A7ABAA748}.Debug|Any CPU.Build.0 = Debug|Any CPU
		{B6F465D1-8C32-4336-BFB1-641A7ABAA748}.Debug|x64.ActiveCfg = Debug|Any CPU
		{B6F465D1-8C32-4336-BFB1-641A7ABAA748}.Debug|x64.Build.0 = Debug|Any CPU
		{B6F465D1-8C32-4336-BFB1-641A7ABAA748}.Debug|x86.ActiveCfg = Debug|Any CPU
		{B6F465D1-8C32-4336-BFB1-641A7ABAA748}.Debug|x86.Build.0 = Debug|Any CPU
		{B6F465D1-8C32-4336-BFB1-641A7ABAA748}.Release|Any CPU.ActiveCfg = Release|Any CPU
		{B6F465D1-8C32-4336-BFB1-641A7ABAA748}.Release|Any CPU.Build.0 = Release|Any CPU
		{B6F465D1-8C32-4336-BFB1-641A7ABAA748}.Release|x64.ActiveCfg = Release|Any CPU
		{B6F465D1-8C32-4336-BFB1-641A7ABAA748}.Release|x64.Build.0 = Release|Any CPU
		{B6F465D1-8C32-4336-BFB1-641A7ABAA748}.Release|x86.ActiveCfg = Release|Any CPU
		{B6F465D1-8C32-4336-BFB1-641A7ABAA748}.Release|x86.Build.0 = Release|Any CPU
		{3D2669AC-586A-478B-A5E5-59F626FA6F7D}.Debug|Any CPU.ActiveCfg = Debug|Any CPU
		{3D2669AC-586A-478B-A5E5-59F626FA6F7D}.Debug|Any CPU.Build.0 = Debug|Any CPU
		{3D2669AC-586A-478B-A5E5-59F626FA6F7D}.Debug|x64.ActiveCfg = Debug|Any CPU
		{3D2669AC-586A-478B-A5E5-59F626FA6F7D}.Debug|x64.Build.0 = Debug|Any CPU
		{3D2669AC-586A-478B-A5E5-59F626FA6F7D}.Debug|x86.ActiveCfg = Debug|Any CPU
		{3D2669AC-586A-478B-A5E5-59F626FA6F7D}.Debug|x86.Build.0 = Debug|Any CPU
		{3D2669AC-586A-478B-A5E5-59F626FA6F7D}.Release|Any CPU.ActiveCfg = Release|Any CPU
		{3D2669AC-586A-478B-A5E5-59F626FA6F7D}.Release|Any CPU.Build.0 = Release|Any CPU
		{3D2669AC-586A-478B-A5E5-59F626FA6F7D}.Release|x64.ActiveCfg = Release|Any CPU
		{3D2669AC-586A-478B-A5E5-59F626FA6F7D}.Release|x64.Build.0 = Release|Any CPU
		{3D2669AC-586A-478B-A5E5-59F626FA6F7D}.Release|x86.ActiveCfg = Release|Any CPU
		{3D2669AC-586A-478B-A5E5-59F626FA6F7D}.Release|x86.Build.0 = Release|Any CPU
		{064056E9-75C2-4936-9028-27ED54B4F1AF}.Debug|Any CPU.ActiveCfg = Debug|Any CPU
		{064056E9-75C2-4936-9028-27ED54B4F1AF}.Debug|Any CPU.Build.0 = Debug|Any CPU
		{064056E9-75C2-4936-9028-27ED54B4F1AF}.Debug|x64.ActiveCfg = Debug|Any CPU
		{064056E9-75C2-4936-9028-27ED54B4F1AF}.Debug|x64.Build.0 = Debug|Any CPU
		{064056E9-75C2-4936-9028-27ED54B4F1AF}.Debug|x86.ActiveCfg = Debug|Any CPU
		{064056E9-75C2-4936-9028-27ED54B4F1AF}.Debug|x86.Build.0 = Debug|Any CPU
		{064056E9-75C2-4936-9028-27ED54B4F1AF}.Release|Any CPU.ActiveCfg = Release|Any CPU
		{064056E9-75C2-4936-9028-27ED54B4F1AF}.Release|Any CPU.Build.0 = Release|Any CPU
		{064056E9-75C2-4936-9028-27ED54B4F1AF}.Release|x64.ActiveCfg = Release|Any CPU
		{064056E9-75C2-4936-9028-27ED54B4F1AF}.Release|x64.Build.0 = Release|Any CPU
		{064056E9-75C2-4936-9028-27ED54B4F1AF}.Release|x86.ActiveCfg = Release|Any CPU
		{064056E9-75C2-4936-9028-27ED54B4F1AF}.Release|x86.Build.0 = Release|Any CPU
	EndGlobalSection
	GlobalSection(SolutionProperties) = preSolution
		HideSolutionNode = FALSE
	EndGlobalSection
	GlobalSection(NestedProjects) = preSolution
		{33AA5C0C-6437-4C72-87E0-F5BE607D208E} = {827E0CD3-B72D-47B6-A68D-7590B98EB39B}
		{D037AB9D-C3B2-4A77-88EC-ABC774BC04FB} = {827E0CD3-B72D-47B6-A68D-7590B98EB39B}
		{E345B504-5FF5-44B5-8424-F2F7B730F675} = {827E0CD3-B72D-47B6-A68D-7590B98EB39B}
		{983223D4-F4C8-4279-9837-B274F1712942} = {827E0CD3-B72D-47B6-A68D-7590B98EB39B}
		{B6F465D1-8C32-4336-BFB1-641A7ABAA748} = {827E0CD3-B72D-47B6-A68D-7590B98EB39B}
		{3D2669AC-586A-478B-A5E5-59F626FA6F7D} = {827E0CD3-B72D-47B6-A68D-7590B98EB39B}
		{064056E9-75C2-4936-9028-27ED54B4F1AF} = {0AB3BF05-4346-4AA6-1389-037BE0695223}
	EndGlobalSection
EndGlobal
